<?xml version="1.0" encoding="utf-8"?>
<Project ToolsVersion="4.0" xmlns="http://schemas.microsoft.com/developer/msbuild/2003">
  <ItemGroup>
    <Filter Include="ソース ファイル">
      <UniqueIdentifier>{4FC737F1-C7A5-4376-A066-2A32D752A2FF}</UniqueIdentifier>
      <Extensions>cpp;c;cc;cxx;c++;cppm;ixx;def;odl;idl;hpj;bat;asm;asmx</Extensions>
    </Filter>
    <Filter Include="ヘッダー ファイル">
      <UniqueIdentifier>{93995380-89BD-4b04-88EB-625FBE52EBFB}</UniqueIdentifier>
      <Extensions>h;hh;hpp;hxx;h++;hm;inl;inc;ipp;xsd</Extensions>
    </Filter>
    <Filter Include="リソース ファイル">
      <UniqueIdentifier>{67DA6AB6-F800-4c08-8B7A-83BB121AAD01}</UniqueIdentifier>
      <Extensions>rc;ico;cur;bmp;dlg;rc2;rct;bin;rgs;gif;jpg;jpeg;jpe;resx;tiff;tif;png;wav;mfcribbon-ms</Extensions>
    </Filter>
    <Filter Include="ソース ファイル\Engine">
      <UniqueIdentifier>{8cad6531-e3ea-4d58-b68a-c400843c126e}</UniqueIdentifier>
    </Filter>
    <Filter Include="ソース ファイル\Engine\Camera">
      <UniqueIdentifier>{12d77864-4b93-4c53-b115-90d181194d5a}</UniqueIdentifier>
    </Filter>
    <Filter Include="ヘッダー ファイル\Engine">
      <UniqueIdentifier>{b22b2d4b-e339-4086-908b-9b57cbd1ea7d}</UniqueIdentifier>
    </Filter>
    <Filter Include="ヘッダー ファイル\Engine\Camera">
      <UniqueIdentifier>{b2c0ee53-5b02-40a0-9b57-613619f486c7}</UniqueIdentifier>
    </Filter>
    <Filter Include="ヘッダー ファイル\Engine\DirectXBase">
      <UniqueIdentifier>{8e9b3c0f-572c-4bb5-b1a9-beb3ffe41c29}</UniqueIdentifier>
    </Filter>
    <Filter Include="ソース ファイル\Engine\DirectXBase">
      <UniqueIdentifier>{015f0fe1-9208-4e2b-aa95-8793d3c2dd08}</UniqueIdentifier>
    </Filter>
    <Filter Include="ソース ファイル\Engine\Input">
      <UniqueIdentifier>{14ab2cd9-8d2a-4e31-9ffa-444460c89ba3}</UniqueIdentifier>
    </Filter>
    <Filter Include="ヘッダー ファイル\Engine\Input">
      <UniqueIdentifier>{7c10e2ea-50f8-49fc-8110-1967d31819c4}</UniqueIdentifier>
    </Filter>
    <Filter Include="ソース ファイル\Engine\Math">
      <UniqueIdentifier>{495610c2-8469-41f4-964a-589eeeaf1a64}</UniqueIdentifier>
    </Filter>
    <Filter Include="ヘッダー ファイル\Engine\Math">
      <UniqueIdentifier>{68e8cefd-377d-40c3-9dcd-1e2aca8f7a11}</UniqueIdentifier>
    </Filter>
    <Filter Include="ソース ファイル\Engine\Sound">
      <UniqueIdentifier>{a59c51ac-523a-4bc2-80b3-d8509c1abf91}</UniqueIdentifier>
    </Filter>
    <Filter Include="ヘッダー ファイル\Engine\Sound">
      <UniqueIdentifier>{f6878f29-d0b4-475e-8476-e7846adddafc}</UniqueIdentifier>
    </Filter>
    <Filter Include="シェーダーファイル">
      <UniqueIdentifier>{e876b2d0-8a41-4443-bdc1-0847181b8965}</UniqueIdentifier>
    </Filter>
    <Filter Include="ソース ファイル\Engine\3D">
      <UniqueIdentifier>{f99f78d4-fedc-42c3-9b5f-dd4f8dade348}</UniqueIdentifier>
    </Filter>
    <Filter Include="ヘッダー ファイル\Engine\3D">
      <UniqueIdentifier>{d24bc266-d75b-4810-be8f-8027787aac84}</UniqueIdentifier>
    </Filter>
    <Filter Include="ソース ファイル\Engine\2D">
      <UniqueIdentifier>{b149dae8-4421-4c38-bba9-8b16d08ef48d}</UniqueIdentifier>
    </Filter>
    <Filter Include="ヘッダー ファイル\Engine\2D">
      <UniqueIdentifier>{968e1b2a-a2c7-4758-a83a-5b711438ee41}</UniqueIdentifier>
    </Filter>
    <Filter Include="ヘッダー ファイル\Engine\3D\Light">
      <UniqueIdentifier>{a25ac2f5-d6c6-484b-987e-2f452efc4b47}</UniqueIdentifier>
    </Filter>
    <Filter Include="ソース ファイル\Engine\3D\Light">
      <UniqueIdentifier>{e178cf42-4d88-46b2-a4a0-8140beec9bca}</UniqueIdentifier>
    </Filter>
    <Filter Include="ヘッダー ファイル\Engine\3D\Object">
      <UniqueIdentifier>{09efcf81-0ea6-4292-8b4b-d0d5de47cca5}</UniqueIdentifier>
    </Filter>
    <Filter Include="ソース ファイル\Engine\3D\Object">
      <UniqueIdentifier>{7d5838ba-3d15-42cf-9207-02ab1c970e5c}</UniqueIdentifier>
    </Filter>
    <Filter Include="ソース ファイル\Engine\Collision">
      <UniqueIdentifier>{1d25d745-63ba-48f7-88f9-bf8a5739b229}</UniqueIdentifier>
    </Filter>
    <Filter Include="ヘッダー ファイル\Engine\Collision">
      <UniqueIdentifier>{e2a5674b-2d1b-46eb-b325-814150d9c2a2}</UniqueIdentifier>
    </Filter>
    <Filter Include="ソース ファイル\Application">
      <UniqueIdentifier>{3bf7bd47-acb8-41e2-a89a-8b694158a705}</UniqueIdentifier>
    </Filter>
    <Filter Include="ソース ファイル\Application\Scene">
      <UniqueIdentifier>{716774fa-9c84-4ccd-b742-4ac8a73ac07b}</UniqueIdentifier>
    </Filter>
    <Filter Include="ヘッダー ファイル\Application">
      <UniqueIdentifier>{4dce8020-bf13-4ef8-bfe0-68ebc4646c22}</UniqueIdentifier>
    </Filter>
    <Filter Include="ヘッダー ファイル\Application\Scene">
      <UniqueIdentifier>{7bf60efa-b700-4947-a3f4-4dff651b3433}</UniqueIdentifier>
    </Filter>
  </ItemGroup>
  <ItemGroup>
    <ClCompile Include="Application\main.cpp">
      <Filter>ソース ファイル</Filter>
    </ClCompile>
    <ClCompile Include="Engine\Camera\ViewProjection.cpp">
      <Filter>ソース ファイル\Engine\Camera</Filter>
    </ClCompile>
    <ClCompile Include="Engine\DirectXBase\DirectXCommon.cpp">
      <Filter>ソース ファイル\Engine\DirectXBase</Filter>
    </ClCompile>
    <ClCompile Include="Engine\DirectXBase\WinApp.cpp">
      <Filter>ソース ファイル\Engine\DirectXBase</Filter>
    </ClCompile>
    <ClCompile Include="Engine\Input\Input.cpp">
      <Filter>ソース ファイル\Engine\Input</Filter>
    </ClCompile>
    <ClCompile Include="Engine\Math\Matrix4.cpp">
      <Filter>ソース ファイル\Engine\Math</Filter>
    </ClCompile>
    <ClCompile Include="Engine\Math\Vector2.cpp">
      <Filter>ソース ファイル\Engine\Math</Filter>
    </ClCompile>
    <ClCompile Include="Engine\Math\Vector3.cpp">
      <Filter>ソース ファイル\Engine\Math</Filter>
    </ClCompile>
    <ClCompile Include="Engine\Math\Vector4.cpp">
      <Filter>ソース ファイル\Engine\Math</Filter>
    </ClCompile>
    <ClCompile Include="Engine\Sound\Sound.cpp">
      <Filter>ソース ファイル\Engine\Sound</Filter>
    </ClCompile>
    <ClCompile Include="Engine\DirectXBase\Texture.cpp">
      <Filter>ソース ファイル\Engine\DirectXBase</Filter>
    </ClCompile>
    <ClCompile Include="Engine\2D\Sprite.cpp">
      <Filter>ソース ファイル\Engine\2D</Filter>
    </ClCompile>
    <ClCompile Include="Engine\2D\SpriteManager.cpp">
      <Filter>ソース ファイル\Engine\2D</Filter>
    </ClCompile>
    <ClCompile Include="Engine\3D\WorldTransform.cpp">
      <Filter>ソース ファイル\Engine\3D</Filter>
    </ClCompile>
    <ClCompile Include="Engine\Math\Quaternion.cpp">
      <Filter>ソース ファイル\Engine\Math</Filter>
    </ClCompile>
    <ClCompile Include="Engine\DirectXBase\ImGuiManager.cpp">
      <Filter>ソース ファイル\Engine\DirectXBase</Filter>
    </ClCompile>
    <ClCompile Include="Engine\3D\Light\DirectionalLight.cpp">
      <Filter>ソース ファイル\Engine\3D\Light</Filter>
    </ClCompile>
    <ClCompile Include="Engine\3D\Light\LightGroup.cpp">
      <Filter>ソース ファイル\Engine\3D\Light</Filter>
    </ClCompile>
    <ClCompile Include="Engine\3D\Object\Material.cpp">
      <Filter>ソース ファイル\Engine\3D\Object</Filter>
    </ClCompile>
    <ClCompile Include="Engine\3D\Object\Model.cpp">
      <Filter>ソース ファイル\Engine\3D\Object</Filter>
    </ClCompile>
    <ClCompile Include="Engine\3D\Object\Object3d.cpp">
      <Filter>ソース ファイル\Engine\3D\Object</Filter>
    </ClCompile>
    <ClCompile Include="Engine\3D\Light\PointLight.cpp">
      <Filter>ソース ファイル\Engine\3D\Light</Filter>
    </ClCompile>
    <ClCompile Include="Engine\3D\Light\SpotLight.cpp">
      <Filter>ソース ファイル\Engine\3D\Light</Filter>
    </ClCompile>
    <ClCompile Include="Engine\3D\Light\CircleShadow.cpp">
      <Filter>ソース ファイル\Engine\3D\Light</Filter>
    </ClCompile>
    <ClCompile Include="Application\Scene\GameScene.cpp">
      <Filter>ソース ファイル\Application\Scene</Filter>
    </ClCompile>
    <ClCompile Include="Engine\Collision\Collision.cpp">
      <Filter>ソース ファイル\Engine\Collision</Filter>
    </ClCompile>
    <ClCompile Include="Engine\Collision\CollisionPrimitive.cpp">
      <Filter>ソース ファイル\Engine\Collision</Filter>
    </ClCompile>
  </ItemGroup>
  <ItemGroup>
    <ClInclude Include="Engine\Camera\ViewProjection.h">
      <Filter>ヘッダー ファイル\Engine\Camera</Filter>
    </ClInclude>
    <ClInclude Include="Engine\DirectXBase\DirectXCommon.h">
      <Filter>ヘッダー ファイル\Engine\DirectXBase</Filter>
    </ClInclude>
    <ClInclude Include="Engine\DirectXBase\WinApp.h">
      <Filter>ヘッダー ファイル\Engine\DirectXBase</Filter>
    </ClInclude>
    <ClInclude Include="Engine\Input\Input.h">
      <Filter>ヘッダー ファイル\Engine\Input</Filter>
    </ClInclude>
    <ClInclude Include="Engine\Math\Matrix4.h">
      <Filter>ヘッダー ファイル\Engine\Math</Filter>
    </ClInclude>
    <ClInclude Include="Engine\Math\Vector2.h">
      <Filter>ヘッダー ファイル\Engine\Math</Filter>
    </ClInclude>
    <ClInclude Include="Engine\Math\Vector3.h">
      <Filter>ヘッダー ファイル\Engine\Math</Filter>
    </ClInclude>
    <ClInclude Include="Engine\Math\Vector4.h">
      <Filter>ヘッダー ファイル\Engine\Math</Filter>
    </ClInclude>
    <ClInclude Include="Engine\Sound\Sound.h">
      <Filter>ヘッダー ファイル\Engine\Sound</Filter>
    </ClInclude>
    <ClInclude Include="Engine\DirectXBase\Texture.h">
      <Filter>ヘッダー ファイル\Engine\DirectXBase</Filter>
    </ClInclude>
    <ClInclude Include="Engine\2D\Sprite.h">
      <Filter>ヘッダー ファイル\Engine\2D</Filter>
    </ClInclude>
    <ClInclude Include="Engine\2D\SpriteManager.h">
      <Filter>ヘッダー ファイル\Engine\2D</Filter>
    </ClInclude>
    <ClInclude Include="Engine\3D\WorldTransform.h">
      <Filter>ヘッダー ファイル\Engine\3D</Filter>
    </ClInclude>
    <ClInclude Include="Engine\Math\Quaternion.h">
      <Filter>ヘッダー ファイル\Engine\Math</Filter>
    </ClInclude>
    <ClInclude Include="Engine\DirectXBase\ImGuiManager.h">
      <Filter>ヘッダー ファイル\Engine\DirectXBase</Filter>
    </ClInclude>
    <ClInclude Include="Engine\3D\Light\LightGroup.h">
      <Filter>ヘッダー ファイル\Engine\3D\Light</Filter>
    </ClInclude>
    <ClInclude Include="Engine\3D\Light\DirectionalLight.h">
      <Filter>ヘッダー ファイル\Engine\3D\Light</Filter>
    </ClInclude>
    <ClInclude Include="Engine\3D\Object\Material.h">
      <Filter>ヘッダー ファイル\Engine\3D\Object</Filter>
    </ClInclude>
    <ClInclude Include="Engine\3D\Object\Model.h">
      <Filter>ヘッダー ファイル\Engine\3D\Object</Filter>
    </ClInclude>
    <ClInclude Include="Engine\3D\Object\Object3d.h">
      <Filter>ヘッダー ファイル\Engine\3D\Object</Filter>
    </ClInclude>
    <ClInclude Include="Engine\3D\Light\PointLight.h">
      <Filter>ヘッダー ファイル\Engine\3D\Light</Filter>
    </ClInclude>
    <ClInclude Include="Application\Scene\GameScene.h">
      <Filter>ヘッダー ファイル\Application\Scene</Filter>
    </ClInclude>
    <ClInclude Include="Engine\3D\Light\SpotLight.h">
      <Filter>ヘッダー ファイル\Engine\3D\Light</Filter>
    </ClInclude>
    <ClInclude Include="Engine\3D\Light\CircleShadow.h">
      <Filter>ヘッダー ファイル\Engine\3D\Light</Filter>
    </ClInclude>
    <ClInclude Include="Engine\Collision\Collision.h">
      <Filter>ヘッダー ファイル\Engine\Collision</Filter>
    </ClInclude>
    <ClInclude Include="Engine\Collision\CollisionPrimitive.h">
      <Filter>ヘッダー ファイル\Engine\Collision</Filter>
    </ClInclude>
  </ItemGroup>
  <ItemGroup>
    <None Include="Resources\shaders\Basic.hlsli">
      <Filter>シェーダーファイル</Filter>
    </None>
    <None Include="Resources\shaders\SpriteShaderHeader.hlsli">
      <Filter>シェーダーファイル</Filter>
    </None>
    <None Include="Resources\shaders\OBJShaderHeader.hlsli">
      <Filter>シェーダーファイル</Filter>
    </None>
  </ItemGroup>
  <ItemGroup>
    <FxCompile Include="Resources\shaders\BasicPS.hlsl">
      <Filter>シェーダーファイル</Filter>
    </FxCompile>
    <FxCompile Include="Resources\shaders\BasicVS.hlsl">
      <Filter>シェーダーファイル</Filter>
    </FxCompile>
    <FxCompile Include="Resources\shaders\SpritePixelShader.hlsl">
      <Filter>シェーダーファイル</Filter>
    </FxCompile>
    <FxCompile Include="Resources\shaders\SpriteVertexShader.hlsl">
      <Filter>シェーダーファイル</Filter>
    </FxCompile>
    <FxCompile Include="Resources\shaders\OBJPixcelShader.hlsl">
      <Filter>シェーダーファイル</Filter>
    </FxCompile>
    <FxCompile Include="Resources\shaders\OBJVertexShader.hlsl">
      <Filter>シェーダーファイル</Filter>
    </FxCompile>
  </ItemGroup>
</Project>